
Microsoft Visual Studio Solution File, Format Version 12.00
# Visual Studio Version 17
VisualStudioVersion = 17.11.35208.52
MinimumVisualStudioVersion = 10.0.40219.1
Project("{FAE04EC0-301F-11D3-BF4B-00C04F79EFBC}") = "Example2Project", "Example2Project\Example2Project.csproj", "{0CAC33FE-7F4A-4555-BB33-5BE5FDECF8A0}"
EndProject
Global
	GlobalSection(SolutionConfigurationPlatforms) = preSolution
		Debug|Any CPU = Debug|Any CPU
		Release|Any CPU = Release|Any CPU
	EndGlobalSection
	GlobalSection(ProjectConfigurationPlatforms) = postSolution
		{0CAC33FE-7F4A-4555-BB33-5BE5FDECF8A0}.Debug|Any CPU.ActiveCfg = Debug|Any CPU
		{0CAC33FE-7F4A-4555-BB33-5BE5FDECF8A0}.Debug|Any CPU.Build.0 = Debug|Any CPU
		{0CAC33FE-7F4A-4555-BB33-5BE5FDECF8A0}.Release|Any CPU.ActiveCfg = Release|Any CPU
		{0CAC33FE-7F4A-4555-BB33-5BE5FDECF8A0}.Release|Any CPU.Build.0 = Release|Any CPU
	EndGlobalSection
	GlobalSection(SolutionProperties) = preSolution
		HideSolutionNode = FALSE
	EndGlobalSection
	GlobalSection(ExtensibilityGlobals) = postSolution
		SolutionGuid = {2929CFEB-A87D-4330-8883-DEF72F1744B3}
	EndGlobalSection
EndGlobal
